
Microsoft Visual Studio Solution File, Format Version 12.00
# Visual Studio Version 17
VisualStudioVersion = 17.12.35707.178 d17.12
MinimumVisualStudioVersion = 10.0.40219.1
Project("{2150E333-8FDC-42A3-9474-1A3956D46DE8}") = "src", "src", "{CC513D89-2562-4719-96D4-FAE630ACDDBD}"
EndProject
Project("{FAE04EC0-301F-11D3-BF4B-00C04F79EFBC}") = "Core", "Core\Core.csproj", "{A553FB6F-0347-4797-9FE7-C2FD9D60A86C}"
EndProject
Project("{FAE04EC0-301F-11D3-BF4B-00C04F79EFBC}") = "Infrastructure", "Infrastructure\Infrastructure.csproj", "{408791C1-4F7E-45B6-B15F-AE86246BB00D}"
EndProject
Project("{FAE04EC0-301F-11D3-BF4B-00C04F79EFBC}") = "UI", "UI\UI.csproj", "{242BF474-59C1-42E4-9E1A-7B628720EA83}"
EndProject
Project("{2150E333-8FDC-42A3-9474-1A3956D46DE8}") = "tests", "tests", "{87830F62-410C-4A3B-B316-6774C279759B}"
EndProject
Project("{FAE04EC0-301F-11D3-BF4B-00C04F79EFBC}") = "Core.Tests", "Core.Tests\Core.Tests.csproj", "{879734A7-0A4C-4A64-B33A-4CA82B7D863C}"
EndProject
Project("{FAE04EC0-301F-11D3-BF4B-00C04F79EFBC}") = "Infrastructure.Tests", "Infrastructure.Tests\Infrastructure.Tests.csproj", "{B09F6247-CEDF-4538-8EB3-F6593F409C54}"
EndProject
Project("{FAE04EC0-301F-11D3-BF4B-00C04F79EFBC}") = "UI.Tests", "UI.Tests\UI.Tests.csproj", "{F12924A4-F7BF-4A29-A9E4-A12A481892AD}"
EndProject
Global
	GlobalSection(SolutionConfigurationPlatforms) = preSolution
		Debug|Any CPU = Debug|Any CPU
		Release|Any CPU = Release|Any CPU
	EndGlobalSection
	GlobalSection(ProjectConfigurationPlatforms) = postSolution
		{A553FB6F-0347-4797-9FE7-C2FD9D60A86C}.Debug|Any CPU.ActiveCfg = Debug|Any CPU
		{A553FB6F-0347-4797-9FE7-C2FD9D60A86C}.Debug|Any CPU.Build.0 = Debug|Any CPU
		{A553FB6F-0347-4797-9FE7-C2FD9D60A86C}.Release|Any CPU.ActiveCfg = Release|Any CPU
		{A553FB6F-0347-4797-9FE7-C2FD9D60A86C}.Release|Any CPU.Build.0 = Release|Any CPU
		{408791C1-4F7E-45B6-B15F-AE86246BB00D}.Debug|Any CPU.ActiveCfg = Debug|Any CPU
		{408791C1-4F7E-45B6-B15F-AE86246BB00D}.Debug|Any CPU.Build.0 = Debug|Any CPU
		{408791C1-4F7E-45B6-B15F-AE86246BB00D}.Release|Any CPU.ActiveCfg = Release|Any CPU
		{408791C1-4F7E-45B6-B15F-AE86246BB00D}.Release|Any CPU.Build.0 = Release|Any CPU
		{242BF474-59C1-42E4-9E1A-7B628720EA83}.Debug|Any CPU.ActiveCfg = Debug|x64
		{242BF474-59C1-42E4-9E1A-7B628720EA83}.Debug|Any CPU.Build.0 = Debug|x64
		{242BF474-59C1-42E4-9E1A-7B628720EA83}.Debug|Any CPU.Deploy.0 = Debug|x64
		{242BF474-59C1-42E4-9E1A-7B628720EA83}.Release|Any CPU.ActiveCfg = Release|x64
		{242BF474-59C1-42E4-9E1A-7B628720EA83}.Release|Any CPU.Build.0 = Release|x64
		{242BF474-59C1-42E4-9E1A-7B628720EA83}.Release|Any CPU.Deploy.0 = Release|x64
		{879734A7-0A4C-4A64-B33A-4CA82B7D863C}.Debug|Any CPU.ActiveCfg = Debug|x64
		{879734A7-0A4C-4A64-B33A-4CA82B7D863C}.Debug|Any CPU.Build.0 = Debug|x64
		{879734A7-0A4C-4A64-B33A-4CA82B7D863C}.Debug|Any CPU.Deploy.0 = Debug|x64
		{879734A7-0A4C-4A64-B33A-4CA82B7D863C}.Release|Any CPU.ActiveCfg = Release|x64
		{879734A7-0A4C-4A64-B33A-4CA82B7D863C}.Release|Any CPU.Build.0 = Release|x64
		{879734A7-0A4C-4A64-B33A-4CA82B7D863C}.Release|Any CPU.Deploy.0 = Release|x64
		{B09F6247-CEDF-4538-8EB3-F6593F409C54}.Debug|Any CPU.ActiveCfg = Debug|x64
		{B09F6247-CEDF-4538-8EB3-F6593F409C54}.Debug|Any CPU.Build.0 = Debug|x64
		{B09F6247-CEDF-4538-8EB3-F6593F409C54}.Debug|Any CPU.Deploy.0 = Debug|x64
		{B09F6247-CEDF-4538-8EB3-F6593F409C54}.Release|Any CPU.ActiveCfg = Release|x64
		{B09F6247-CEDF-4538-8EB3-F6593F409C54}.Release|Any CPU.Build.0 = Release|x64
		{B09F6247-CEDF-4538-8EB3-F6593F409C54}.Release|Any CPU.Deploy.0 = Release|x64
		{F12924A4-F7BF-4A29-A9E4-A12A481892AD}.Debug|Any CPU.ActiveCfg = Debug|x64
		{F12924A4-F7BF-4A29-A9E4-A12A481892AD}.Debug|Any CPU.Build.0 = Debug|x64
		{F12924A4-F7BF-4A29-A9E4-A12A481892AD}.Debug|Any CPU.Deploy.0 = Debug|x64
		{F12924A4-F7BF-4A29-A9E4-A12A481892AD}.Release|Any CPU.ActiveCfg = Release|x64
		{F12924A4-F7BF-4A29-A9E4-A12A481892AD}.Release|Any CPU.Build.0 = Release|x64
		{F12924A4-F7BF-4A29-A9E4-A12A481892AD}.Release|Any CPU.Deploy.0 = Release|x64
	EndGlobalSection
	GlobalSection(SolutionProperties) = preSolution
		HideSolutionNode = FALSE
	EndGlobalSection
	GlobalSection(NestedProjects) = preSolution
		{A553FB6F-0347-4797-9FE7-C2FD9D60A86C} = {CC513D89-2562-4719-96D4-FAE630ACDDBD}
		{408791C1-4F7E-45B6-B15F-AE86246BB00D} = {CC513D89-2562-4719-96D4-FAE630ACDDBD}
		{242BF474-59C1-42E4-9E1A-7B628720EA83} = {CC513D89-2562-4719-96D4-FAE630ACDDBD}
		{879734A7-0A4C-4A64-B33A-4CA82B7D863C} = {87830F62-410C-4A3B-B316-6774C279759B}
		{B09F6247-CEDF-4538-8EB3-F6593F409C54} = {87830F62-410C-4A3B-B316-6774C279759B}
		{F12924A4-F7BF-4A29-A9E4-A12A481892AD} = {87830F62-410C-4A3B-B316-6774C279759B}
	EndGlobalSection
EndGlobal
